
Microsoft Visual Studio Solution File, Format Version 12.00
# Visual Studio 15
VisualStudioVersion = 15.0.28307.645
MinimumVisualStudioVersion = 10.0.40219.1
Project("{9A19103F-16F7-4668-BE54-9A1E7A4F7556}") = "PECS", "PECS\PECS.csproj", "{422038A5-0241-42E3-A5E2-9CAB950126A7}"
EndProject
Global
	GlobalSection(SolutionConfigurationPlatforms) = preSolution
		Debug|Any CPU = Debug|Any CPU
		Release|Any CPU = Release|Any CPU
	EndGlobalSection
	GlobalSection(ProjectConfigurationPlatforms) = postSolution
		{422038A5-0241-42E3-A5E2-9CAB950126A7}.Debug|Any CPU.ActiveCfg = Debug|Any CPU
		{422038A5-0241-42E3-A5E2-9CAB950126A7}.Debug|Any CPU.Build.0 = Debug|Any CPU
		{422038A5-0241-42E3-A5E2-9CAB950126A7}.Release|Any CPU.ActiveCfg = Release|Any CPU
		{422038A5-0241-42E3-A5E2-9CAB950126A7}.Release|Any CPU.Build.0 = Release|Any CPU
	EndGlobalSection
	GlobalSection(SolutionProperties) = preSolution
		HideSolutionNode = FALSE
	EndGlobalSection
	GlobalSection(ExtensibilityGlobals) = postSolution
		SolutionGuid = {10B6C0AA-10B6-43E2-8A2B-5EAA3A0212E0}
	EndGlobalSection
EndGlobal
